
Microsoft Visual Studio Solution File, Format Version 12.00
# Visual Studio Version 17
VisualStudioVersion = 17.6.33723.286
MinimumVisualStudioVersion = 10.0.40219.1
Project("{FAE04EC0-301F-11D3-BF4B-00C04F79EFBC}") = "практика", "практика\практика.csproj", "{D298F939-2B47-4FB0-ABA9-7DF8399F18BA}"
EndProject
Global
	GlobalSection(SolutionConfigurationPlatforms) = preSolution
		Debug|Any CPU = Debug|Any CPU
		Release|Any CPU = Release|Any CPU
	EndGlobalSection
	GlobalSection(ProjectConfigurationPlatforms) = postSolution
		{D298F939-2B47-4FB0-ABA9-7DF8399F18BA}.Debug|Any CPU.ActiveCfg = Debug|Any CPU
		{D298F939-2B47-4FB0-ABA9-7DF8399F18BA}.Debug|Any CPU.Build.0 = Debug|Any CPU
		{D298F939-2B47-4FB0-ABA9-7DF8399F18BA}.Release|Any CPU.ActiveCfg = Release|Any CPU
		{D298F939-2B47-4FB0-ABA9-7DF8399F18BA}.Release|Any CPU.Build.0 = Release|Any CPU
	EndGlobalSection
	GlobalSection(SolutionProperties) = preSolution
		HideSolutionNode = FALSE
	EndGlobalSection
	GlobalSection(ExtensibilityGlobals) = postSolution
		SolutionGuid = {3A27ECF9-CED3-4A88-813A-5D0EBDB49AAA}
	EndGlobalSection
EndGlobal
